<?xml version="1.0" encoding="utf-8"?>
<Project ToolsVersion="4.0" xmlns="http://schemas.microsoft.com/developer/msbuild/2003">
  <ItemGroup>
    <Filter Include="Source Files">
      <UniqueIdentifier>{4FC737F1-C7A5-4376-A066-2A32D752A2FF}</UniqueIdentifier>
      <Extensions>cpp;c;cc;cxx;def;odl;idl;hpj;bat;asm;asmx</Extensions>
    </Filter>
    <Filter Include="Header Files">
      <UniqueIdentifier>{93995380-89BD-4b04-88EB-625FBE52EBFB}</UniqueIdentifier>
      <Extensions>h;hpp;hxx;hm;inl;inc;xsd</Extensions>
    </Filter>
  </ItemGroup>
  <ItemGroup>
    <ClCompile Include="..\src\libtid\input_stream_socket.cpp">
      <Filter>Source Files</Filter>
    </ClCompile>
    <ClCompile Include="..\src\libtid\tcp_server.cpp">
      <Filter>Source Files</Filter>
    </ClCompile>
    <ClCompile Include="..\src\libtid\tid_client.cpp">
      <Filter>Source Files</Filter>
    </ClCompile>
    <ClCompile Include="..\src\libtid\tid_connection.cpp">
      <Filter>Source Files</Filter>
    </ClCompile>
    <ClCompile Include="..\src\libtid\tid_server.cpp">
      <Filter>Source Files</Filter>
    </ClCompile>
    <ClCompile Include="..\src\libtid\messages\tid_message_parser_1_0.cpp">
      <Filter>Source Files</Filter>
    </ClCompile>
    <ClCompile Include="..\src\libtid\tcp_connection.cpp">
      <Filter>Source Files</Filter>
    </ClCompile>
    <ClCompile Include="..\src\libtid\tid_client_base.cpp">
      <Filter>Source Files</Filter>
    </ClCompile>
  </ItemGroup>
  <ItemGroup>
    <ClInclude Include="..\src\libtid\input_stream.h">
      <Filter>Header Files</Filter>
    </ClInclude>
    <ClInclude Include="..\src\libtid\input_stream_socket.h">
      <Filter>Header Files</Filter>
    </ClInclude>
    <ClInclude Include="..\src\libtid\tcp_server.h">
      <Filter>Header Files</Filter>
    </ClInclude>
    <ClInclude Include="..\src\libtid\tid_client.h">
      <Filter>Header Files</Filter>
    </ClInclude>
    <ClInclude Include="..\src\libtid\tid_connection.h">
      <Filter>Header Files</Filter>
    </ClInclude>
    <ClInclude Include="..\src\libtid\tid_exceptions.h">
      <Filter>Header Files</Filter>
    </ClInclude>
    <ClInclude Include="..\src\libtid\tid_server.h">
      <Filter>Header Files</Filter>
    </ClInclude>
    <ClInclude Include="..\src\libtid\messages\tid_message.h">
      <Filter>Header Files</Filter>
    </ClInclude>
    <ClInclude Include="..\src\libtid\messages\tid_message_builder.h">
      <Filter>Header Files</Filter>
    </ClInclude>
    <ClInclude Include="..\src\libtid\messages\tid_message_builder_1_0.h">
      <Filter>Header Files</Filter>
    </ClInclude>
    <ClInclude Include="..\src\libtid\messages\tid_message_parser.h">
      <Filter>Header Files</Filter>
    </ClInclude>
    <ClInclude Include="..\src\libtid\messages\tid_message_parser_1_0.h">
      <Filter>Header Files</Filter>
    </ClInclude>
    <ClInclude Include="..\src\libtid\messages\tid_message_tags_1_0.h">
      <Filter>Header Files</Filter>
    </ClInclude>
    <ClInclude Include="..\src\libtid\messages\tid_message_types.h">
      <Filter>Header Files</Filter>
    </ClInclude>
    <ClInclude Include="..\src\libtid\tcp_connection.h">
      <Filter>Header Files</Filter>
    </ClInclude>
    <ClInclude Include="..\src\libtid\misc\databuffer.h">
      <Filter>Header Files</Filter>
    </ClInclude>
    <ClInclude Include="..\src\libtid\tid_client_base.h">
      <Filter>Header Files</Filter>
    </ClInclude>
  </ItemGroup>
</Project>