
Microsoft Visual Studio Solution File, Format Version 12.00
# Visual Studio 2012
Project("{8BC9CEB8-8B4A-11D0-8D11-00A0C91BC942}") = "tobicore", "tobicore.vcxproj", "{871AD90B-DA76-9140-1949-8933F5D40C76}"
EndProject
Project("{8BC9CEB8-8B4A-11D0-8D11-00A0C91BC942}") = "tobiic", "tobiic.vcxproj", "{C5FC3D5D-395D-0316-2224-FC985E2CC4CA}"
	ProjectSection(ProjectDependencies) = postProject
		{871AD90B-DA76-9140-1949-8933F5D40C76} = {871AD90B-DA76-9140-1949-8933F5D40C76}
	EndProjectSection
EndProject
Project("{8BC9CEB8-8B4A-11D0-8D11-00A0C91BC942}") = "tobiid", "tobiid.vcxproj", "{1A11859C-A013-1C68-A901-596549C573EF}"
	ProjectSection(ProjectDependencies) = postProject
		{871AD90B-DA76-9140-1949-8933F5D40C76} = {871AD90B-DA76-9140-1949-8933F5D40C76}
	EndProjectSection
EndProject
Project("{8BC9CEB8-8B4A-11D0-8D11-00A0C91BC942}") = "libtid", "libtid.vcxproj", "{5452972A-D497-024F-B335-C838397B813D}"
	ProjectSection(ProjectDependencies) = postProject
		{871AD90B-DA76-9140-1949-8933F5D40C76} = {871AD90B-DA76-9140-1949-8933F5D40C76}
		{1A11859C-A013-1C68-A901-596549C573EF} = {1A11859C-A013-1C68-A901-596549C573EF}
	EndProjectSection
EndProject
Project("{8BC9CEB8-8B4A-11D0-8D11-00A0C91BC942}") = "tid_client", "tid_client.vcxproj", "{0AF3DA1B-72D0-481F-9BF1-7E12FE65AEC0}"
	ProjectSection(ProjectDependencies) = postProject
		{871AD90B-DA76-9140-1949-8933F5D40C76} = {871AD90B-DA76-9140-1949-8933F5D40C76}
		{1A11859C-A013-1C68-A901-596549C573EF} = {1A11859C-A013-1C68-A901-596549C573EF}
		{5452972A-D497-024F-B335-C838397B813D} = {5452972A-D497-024F-B335-C838397B813D}
	EndProjectSection
EndProject
Project("{8BC9CEB8-8B4A-11D0-8D11-00A0C91BC942}") = "tid_server", "tid_server.vcxproj", "{73069394-91C9-44DD-BFB0-3BAF749891D5}"
	ProjectSection(ProjectDependencies) = postProject
		{871AD90B-DA76-9140-1949-8933F5D40C76} = {871AD90B-DA76-9140-1949-8933F5D40C76}
		{1A11859C-A013-1C68-A901-596549C573EF} = {1A11859C-A013-1C68-A901-596549C573EF}
		{5452972A-D497-024F-B335-C838397B813D} = {5452972A-D497-024F-B335-C838397B813D}
	EndProjectSection
EndProject
Project("{8BC9CEB8-8B4A-11D0-8D11-00A0C91BC942}") = "tid_tests", "tid_tests.vcxproj", "{1F4C47A7-D8A5-4F75-93EA-4EA78B9501A2}"
	ProjectSection(ProjectDependencies) = postProject
		{871AD90B-DA76-9140-1949-8933F5D40C76} = {871AD90B-DA76-9140-1949-8933F5D40C76}
		{1A11859C-A013-1C68-A901-596549C573EF} = {1A11859C-A013-1C68-A901-596549C573EF}
		{5452972A-D497-024F-B335-C838397B813D} = {5452972A-D497-024F-B335-C838397B813D}
	EndProjectSection
EndProject
Project("{8BC9CEB8-8B4A-11D0-8D11-00A0C91BC942}") = "tid_lpt_client", "tid_lpt_client.vcxproj", "{A14EB8CB-B036-4693-9B5F-764593360784}"
EndProject
Global
	GlobalSection(SolutionConfigurationPlatforms) = preSolution
		Debug|Win32 = Debug|Win32
		Debug|x64 = Debug|x64
		Release|Win32 = Release|Win32
		Release|x64 = Release|x64
	EndGlobalSection
	GlobalSection(ProjectConfigurationPlatforms) = postSolution
		{871AD90B-DA76-9140-1949-8933F5D40C76}.Debug|Win32.ActiveCfg = Debug|Win32
		{871AD90B-DA76-9140-1949-8933F5D40C76}.Debug|Win32.Build.0 = Debug|Win32
		{871AD90B-DA76-9140-1949-8933F5D40C76}.Debug|x64.ActiveCfg = Debug|x64
		{871AD90B-DA76-9140-1949-8933F5D40C76}.Debug|x64.Build.0 = Debug|x64
		{871AD90B-DA76-9140-1949-8933F5D40C76}.Release|Win32.ActiveCfg = Release|Win32
		{871AD90B-DA76-9140-1949-8933F5D40C76}.Release|Win32.Build.0 = Release|Win32
		{871AD90B-DA76-9140-1949-8933F5D40C76}.Release|x64.ActiveCfg = Release|x64
		{871AD90B-DA76-9140-1949-8933F5D40C76}.Release|x64.Build.0 = Release|x64
		{C5FC3D5D-395D-0316-2224-FC985E2CC4CA}.Debug|Win32.ActiveCfg = Debug|Win32
		{C5FC3D5D-395D-0316-2224-FC985E2CC4CA}.Debug|Win32.Build.0 = Debug|Win32
		{C5FC3D5D-395D-0316-2224-FC985E2CC4CA}.Debug|x64.ActiveCfg = Debug|x64
		{C5FC3D5D-395D-0316-2224-FC985E2CC4CA}.Debug|x64.Build.0 = Debug|x64
		{C5FC3D5D-395D-0316-2224-FC985E2CC4CA}.Release|Win32.ActiveCfg = Release|Win32
		{C5FC3D5D-395D-0316-2224-FC985E2CC4CA}.Release|Win32.Build.0 = Release|Win32
		{C5FC3D5D-395D-0316-2224-FC985E2CC4CA}.Release|x64.ActiveCfg = Release|x64
		{C5FC3D5D-395D-0316-2224-FC985E2CC4CA}.Release|x64.Build.0 = Release|x64
		{1A11859C-A013-1C68-A901-596549C573EF}.Debug|Win32.ActiveCfg = Debug|Win32
		{1A11859C-A013-1C68-A901-596549C573EF}.Debug|Win32.Build.0 = Debug|Win32
		{1A11859C-A013-1C68-A901-596549C573EF}.Debug|x64.ActiveCfg = Debug|x64
		{1A11859C-A013-1C68-A901-596549C573EF}.Debug|x64.Build.0 = Debug|x64
		{1A11859C-A013-1C68-A901-596549C573EF}.Release|Win32.ActiveCfg = Release|Win32
		{1A11859C-A013-1C68-A901-596549C573EF}.Release|Win32.Build.0 = Release|Win32
		{1A11859C-A013-1C68-A901-596549C573EF}.Release|x64.ActiveCfg = Release|x64
		{1A11859C-A013-1C68-A901-596549C573EF}.Release|x64.Build.0 = Release|x64
		{5452972A-D497-024F-B335-C838397B813D}.Debug|Win32.ActiveCfg = Debug|Win32
		{5452972A-D497-024F-B335-C838397B813D}.Debug|Win32.Build.0 = Debug|Win32
		{5452972A-D497-024F-B335-C838397B813D}.Debug|x64.ActiveCfg = Debug|x64
		{5452972A-D497-024F-B335-C838397B813D}.Debug|x64.Build.0 = Debug|x64
		{5452972A-D497-024F-B335-C838397B813D}.Release|Win32.ActiveCfg = Release|Win32
		{5452972A-D497-024F-B335-C838397B813D}.Release|Win32.Build.0 = Release|Win32
		{5452972A-D497-024F-B335-C838397B813D}.Release|x64.ActiveCfg = Release|x64
		{5452972A-D497-024F-B335-C838397B813D}.Release|x64.Build.0 = Release|x64
		{0AF3DA1B-72D0-481F-9BF1-7E12FE65AEC0}.Debug|Win32.ActiveCfg = Debug|Win32
		{0AF3DA1B-72D0-481F-9BF1-7E12FE65AEC0}.Debug|Win32.Build.0 = Debug|Win32
		{0AF3DA1B-72D0-481F-9BF1-7E12FE65AEC0}.Debug|x64.ActiveCfg = Debug|x64
		{0AF3DA1B-72D0-481F-9BF1-7E12FE65AEC0}.Debug|x64.Build.0 = Debug|x64
		{0AF3DA1B-72D0-481F-9BF1-7E12FE65AEC0}.Release|Win32.ActiveCfg = Release|Win32
		{0AF3DA1B-72D0-481F-9BF1-7E12FE65AEC0}.Release|Win32.Build.0 = Release|Win32
		{0AF3DA1B-72D0-481F-9BF1-7E12FE65AEC0}.Release|x64.ActiveCfg = Release|x64
		{0AF3DA1B-72D0-481F-9BF1-7E12FE65AEC0}.Release|x64.Build.0 = Release|x64
		{73069394-91C9-44DD-BFB0-3BAF749891D5}.Debug|Win32.ActiveCfg = Debug|Win32
		{73069394-91C9-44DD-BFB0-3BAF749891D5}.Debug|Win32.Build.0 = Debug|Win32
		{73069394-91C9-44DD-BFB0-3BAF749891D5}.Debug|x64.ActiveCfg = Debug|x64
		{73069394-91C9-44DD-BFB0-3BAF749891D5}.Debug|x64.Build.0 = Debug|x64
		{73069394-91C9-44DD-BFB0-3BAF749891D5}.Release|Win32.ActiveCfg = Release|Win32
		{73069394-91C9-44DD-BFB0-3BAF749891D5}.Release|Win32.Build.0 = Release|Win32
		{73069394-91C9-44DD-BFB0-3BAF749891D5}.Release|x64.ActiveCfg = Release|x64
		{73069394-91C9-44DD-BFB0-3BAF749891D5}.Release|x64.Build.0 = Release|x64
		{1F4C47A7-D8A5-4F75-93EA-4EA78B9501A2}.Debug|Win32.ActiveCfg = Debug|Win32
		{1F4C47A7-D8A5-4F75-93EA-4EA78B9501A2}.Debug|Win32.Build.0 = Debug|Win32
		{1F4C47A7-D8A5-4F75-93EA-4EA78B9501A2}.Debug|x64.ActiveCfg = Debug|x64
		{1F4C47A7-D8A5-4F75-93EA-4EA78B9501A2}.Debug|x64.Build.0 = Debug|x64
		{1F4C47A7-D8A5-4F75-93EA-4EA78B9501A2}.Release|Win32.ActiveCfg = Release|Win32
		{1F4C47A7-D8A5-4F75-93EA-4EA78B9501A2}.Release|Win32.Build.0 = Release|Win32
		{1F4C47A7-D8A5-4F75-93EA-4EA78B9501A2}.Release|x64.ActiveCfg = Release|x64
		{1F4C47A7-D8A5-4F75-93EA-4EA78B9501A2}.Release|x64.Build.0 = Release|x64
		{A14EB8CB-B036-4693-9B5F-764593360784}.Debug|Win32.ActiveCfg = Release|Win32
		{A14EB8CB-B036-4693-9B5F-764593360784}.Debug|x64.ActiveCfg = Debug|x64
		{A14EB8CB-B036-4693-9B5F-764593360784}.Debug|x64.Build.0 = Debug|x64
		{A14EB8CB-B036-4693-9B5F-764593360784}.Release|Win32.ActiveCfg = Release|Win32
		{A14EB8CB-B036-4693-9B5F-764593360784}.Release|x64.ActiveCfg = Release|x64
		{A14EB8CB-B036-4693-9B5F-764593360784}.Release|x64.Build.0 = Release|x64
	EndGlobalSection
	GlobalSection(SolutionProperties) = preSolution
		HideSolutionNode = FALSE
	EndGlobalSection
EndGlobal
